
Microsoft Visual Studio Solution File, Format Version 12.00
# Visual Studio Version 17
VisualStudioVersion = 17.14.36127.28
MinimumVisualStudioVersion = 10.0.40219.1
Project("{FAE04EC0-301F-11D3-BF4B-00C04F79EFBC}") = "Api", "Api\Api.csproj", "{14D1D739-F7B3-4BBF-B130-F7E7F296884B}"
EndProject
Project("{FAE04EC0-301F-11D3-BF4B-00C04F79EFBC}") = "Domain", "Domain\Domain.csproj", "{67ED7A75-3F7C-447A-8ABF-AE0012EA6A1C}"
EndProject
Project("{FAE04EC0-301F-11D3-BF4B-00C04F79EFBC}") = "Application", "Application\Application.csproj", "{28E92EDC-628C-4F95-BAD8-237491D01C94}"
EndProject
Project("{FAE04EC0-301F-11D3-BF4B-00C04F79EFBC}") = "Infrastructure", "Infrastructure\Infrastructure.csproj", "{5234C07E-94B1-485F-AAEC-7DC39A69317C}"
EndProject
Global
	GlobalSection(SolutionConfigurationPlatforms) = preSolution
		Debug|Any CPU = Debug|Any CPU
		Release|Any CPU = Release|Any CPU
	EndGlobalSection
	GlobalSection(ProjectConfigurationPlatforms) = postSolution
		{14D1D739-F7B3-4BBF-B130-F7E7F296884B}.Debug|Any CPU.ActiveCfg = Debug|Any CPU
		{14D1D739-F7B3-4BBF-B130-F7E7F296884B}.Debug|Any CPU.Build.0 = Debug|Any CPU
		{14D1D739-F7B3-4BBF-B130-F7E7F296884B}.Release|Any CPU.ActiveCfg = Release|Any CPU
		{14D1D739-F7B3-4BBF-B130-F7E7F296884B}.Release|Any CPU.Build.0 = Release|Any CPU
		{67ED7A75-3F7C-447A-8ABF-AE0012EA6A1C}.Debug|Any CPU.ActiveCfg = Debug|Any CPU
		{67ED7A75-3F7C-447A-8ABF-AE0012EA6A1C}.Debug|Any CPU.Build.0 = Debug|Any CPU
		{67ED7A75-3F7C-447A-8ABF-AE0012EA6A1C}.Release|Any CPU.ActiveCfg = Release|Any CPU
		{67ED7A75-3F7C-447A-8ABF-AE0012EA6A1C}.Release|Any CPU.Build.0 = Release|Any CPU
		{28E92EDC-628C-4F95-BAD8-237491D01C94}.Debug|Any CPU.ActiveCfg = Debug|Any CPU
		{28E92EDC-628C-4F95-BAD8-237491D01C94}.Debug|Any CPU.Build.0 = Debug|Any CPU
		{28E92EDC-628C-4F95-BAD8-237491D01C94}.Release|Any CPU.ActiveCfg = Release|Any CPU
		{28E92EDC-628C-4F95-BAD8-237491D01C94}.Release|Any CPU.Build.0 = Release|Any CPU
		{5234C07E-94B1-485F-AAEC-7DC39A69317C}.Debug|Any CPU.ActiveCfg = Debug|Any CPU
		{5234C07E-94B1-485F-AAEC-7DC39A69317C}.Debug|Any CPU.Build.0 = Debug|Any CPU
		{5234C07E-94B1-485F-AAEC-7DC39A69317C}.Release|Any CPU.ActiveCfg = Release|Any CPU
		{5234C07E-94B1-485F-AAEC-7DC39A69317C}.Release|Any CPU.Build.0 = Release|Any CPU
	EndGlobalSection
	GlobalSection(SolutionProperties) = preSolution
		HideSolutionNode = FALSE
	EndGlobalSection
	GlobalSection(ExtensibilityGlobals) = postSolution
		SolutionGuid = {10943BE8-DEF2-449F-AAF8-457969F0D101}
	EndGlobalSection
EndGlobal
